
Microsoft Visual Studio Solution File, Format Version 12.00
# Visual Studio Version 17
VisualStudioVersion = 17.14.36429.23 d17.14
MinimumVisualStudioVersion = 10.0.40219.1
Project("{FAE04EC0-301F-11D3-BF4B-00C04F79EFBC}") = "BankAccountApp", "BankAccountApp\BankAccountApp.csproj", "{4F07F297-8F86-4DE2-BF77-4AA1913F8A27}"
EndProject
Global
	GlobalSection(SolutionConfigurationPlatforms) = preSolution
		Debug|Any CPU = Debug|Any CPU
		Release|Any CPU = Release|Any CPU
	EndGlobalSection
	GlobalSection(ProjectConfigurationPlatforms) = postSolution
		{4F07F297-8F86-4DE2-BF77-4AA1913F8A27}.Debug|Any CPU.ActiveCfg = Debug|Any CPU
		{4F07F297-8F86-4DE2-BF77-4AA1913F8A27}.Debug|Any CPU.Build.0 = Debug|Any CPU
		{4F07F297-8F86-4DE2-BF77-4AA1913F8A27}.Release|Any CPU.ActiveCfg = Release|Any CPU
		{4F07F297-8F86-4DE2-BF77-4AA1913F8A27}.Release|Any CPU.Build.0 = Release|Any CPU
	EndGlobalSection
	GlobalSection(SolutionProperties) = preSolution
		HideSolutionNode = FALSE
	EndGlobalSection
	GlobalSection(ExtensibilityGlobals) = postSolution
		SolutionGuid = {C969A3EF-C3E1-41A2-8B1F-B9FD78AD2837}
	EndGlobalSection
EndGlobal
